// !$*UTF8*$!
{
	archiveVersion = 1;
	classes = {
	};
	objectVersion = 46;
	objects = {

/* Begin PBXBuildFile section */
		810AC2991EA77DFB002B090E /* CYEmptyPageView.m in Sources */ = {isa = PBXBuildFile; fileRef = 810AC2971EA77DFB002B090E /* CYEmptyPageView.m */; };
		810AC29A1EA77DFB002B090E /* CYEmptyPageView.xib in Resources */ = {isa = PBXBuildFile; fileRef = 810AC2981EA77DFB002B090E /* CYEmptyPageView.xib */; };
		818DBEF01EAF27030049391B /* UIScrollView+CYEmptySet.m in Sources */ = {isa = PBXBuildFile; fileRef = 818DBEEF1EAF27030049391B /* UIScrollView+CYEmptySet.m */; };
		81D31E941EA74CC900F7C78C /* main.m in Sources */ = {isa = PBXBuildFile; fileRef = 81D31E931EA74CC900F7C78C /* main.m */; };
		81D31E971EA74CC900F7C78C /* AppDelegate.m in Sources */ = {isa = PBXBuildFile; fileRef = 81D31E961EA74CC900F7C78C /* AppDelegate.m */; };
		81D31E9A1EA74CC900F7C78C /* ViewController.m in Sources */ = {isa = PBXBuildFile; fileRef = 81D31E991EA74CC900F7C78C /* ViewController.m */; };
		81D31E9D1EA74CC900F7C78C /* Main.storyboard in Resources */ = {isa = PBXBuildFile; fileRef = 81D31E9B1EA74CC900F7C78C /* Main.storyboard */; };
		81D31E9F1EA74CC900F7C78C /* Assets.xcassets in Resources */ = {isa = PBXBuildFile; fileRef = 81D31E9E1EA74CC900F7C78C /* Assets.xcassets */; };
		81D31EA21EA74CC900F7C78C /* LaunchScreen.storyboard in Resources */ = {isa = PBXBuildFile; fileRef = 81D31EA01EA74CC900F7C78C /* LaunchScreen.storyboard */; };
		81D31EAD1EA74CC900F7C78C /* EmptyTests.m in Sources */ = {isa = PBXBuildFile; fileRef = 81D31EAC1EA74CC900F7C78C /* EmptyTests.m */; };
		81D31EB81EA74CC900F7C78C /* EmptyUITests.m in Sources */ = {isa = PBXBuildFile; fileRef = 81D31EB71EA74CC900F7C78C /* EmptyUITests.m */; };
/* End PBXBuildFile section */

/* Begin PBXContainerItemProxy section */
		81D31EA91EA74CC900F7C78C /* PBXContainerItemProxy */ = {
			isa = PBXContainerItemProxy;
			containerPortal = 81D31E871EA74CC900F7C78C /* Project object */;
			proxyType = 1;
			remoteGlobalIDString = 81D31E8E1EA74CC900F7C78C;
			remoteInfo = Empty;
		};
		81D31EB41EA74CC900F7C78C /* PBXContainerItemProxy */ = {
			isa = PBXContainerItemProxy;
			containerPortal = 81D31E871EA74CC900F7C78C /* Project object */;
			proxyType = 1;
			remoteGlobalIDString = 81D31E8E1EA74CC900F7C78C;
			remoteInfo = Empty;
		};
/* End PBXContainerItemProxy section */

/* Begin PBXFileReference section */
		810AC2961EA77DFB002B090E /* CYEmptyPageView.h */ = {isa = PBXFileReference; fileEncoding = 4; lastKnownFileType = sourcecode.c.h; path = CYEmptyPageView.h; sourceTree = "<group>"; };
		810AC2971EA77DFB002B090E /* CYEmptyPageView.m */ = {isa = PBXFileReference; fileEncoding = 4; lastKnownFileType = sourcecode.c.objc; path = CYEmptyPageView.m; sourceTree = "<group>"; };
		810AC2981EA77DFB002B090E /* CYEmptyPageView.xib */ = {isa = PBXFileReference; fileEncoding = 4; lastKnownFileType = file.xib; path = CYEmptyPageView.xib; sourceTree = "<group>"; };
		818DBEEE1EAF27030049391B /* UIScrollView+CYEmptySet.h */ = {isa = PBXFileReference; fileEncoding = 4; lastKnownFileType = sourcecode.c.h; path = "UIScrollView+CYEmptySet.h"; sourceTree = "<group>"; };
		818DBEEF1EAF27030049391B /* UIScrollView+CYEmptySet.m */ = {isa = PBXFileReference; fileEncoding = 4; lastKnownFileType = sourcecode.c.objc; path = "UIScrollView+CYEmptySet.m"; sourceTree = "<group>"; };
		81D31E8F1EA74CC900F7C78C /* Empty.app */ = {isa = PBXFileReference; explicitFileType = wrapper.application; includeInIndex = 0; path = Empty.app; sourceTree = BUILT_PRODUCTS_DIR; };
		81D31E931EA74CC900F7C78C /* main.m */ = {isa = PBXFileReference; lastKnownFileType = sourcecode.c.objc; path = main.m; sourceTree = "<group>"; };
		81D31E951EA74CC900F7C78C /* AppDelegate.h */ = {isa = PBXFileReference; lastKnownFileType = sourcecode.c.h; path = AppDelegate.h; sourceTree = "<group>"; };
		81D31E961EA74CC900F7C78C /* AppDelegate.m */ = {isa = PBXFileReference; lastKnownFileType = sourcecode.c.objc; path = AppDelegate.m; sourceTree = "<group>"; };
		81D31E981EA74CC900F7C78C /* ViewController.h */ = {isa = PBXFileReference; lastKnownFileType = sourcecode.c.h; path = ViewController.h; sourceTree = "<group>"; };
		81D31E991EA74CC900F7C78C /* ViewController.m */ = {isa = PBXFileReference; lastKnownFileType = sourcecode.c.objc; path = ViewController.m; sourceTree = "<group>"; };
		81D31E9C1EA74CC900F7C78C /* Base */ = {isa = PBXFileReference; lastKnownFileType = file.storyboard; name = Base; path = Base.lproj/Main.storyboard; sourceTree = "<group>"; };
		81D31E9E1EA74CC900F7C78C /* Assets.xcassets */ = {isa = PBXFileReference; lastKnownFileType = folder.assetcatalog; path = Assets.xcassets; sourceTree = "<group>"; };
		81D31EA11EA74CC900F7C78C /* Base */ = {isa = PBXFileReference; lastKnownFileType = file.storyboard; name = Base; path = Base.lproj/LaunchScreen.storyboard; sourceTree = "<group>"; };
		81D31EA31EA74CC900F7C78C /* Info.plist */ = {isa = PBXFileReference; lastKnownFileType = text.plist.xml; path = Info.plist; sourceTree = "<group>"; };
		81D31EA81EA74CC900F7C78C /* EmptyTests.xctest */ = {isa = PBXFileReference; explicitFileType = wrapper.cfbundle; includeInIndex = 0; path = EmptyTests.xctest; sourceTree = BUILT_PRODUCTS_DIR; };
		81D31EAC1EA74CC900F7C78C /* EmptyTests.m */ = {isa = PBXFileReference; lastKnownFileType = sourcecode.c.objc; path = EmptyTests.m; sourceTree = "<group>"; };
		81D31EAE1EA74CC900F7C78C /* Info.plist */ = {isa = PBXFileReference; lastKnownFileType = text.plist.xml; path = Info.plist; sourceTree = "<group>"; };
		81D31EB31EA74CC900F7C78C /* EmptyUITests.xctest */ = {isa = PBXFileReference; explicitFileType = wrapper.cfbundle; includeInIndex = 0; path = EmptyUITests.xctest; sourceTree = BUILT_PRODUCTS_DIR; };
		81D31EB71EA74CC900F7C78C /* EmptyUITests.m */ = {isa = PBXFileReference; lastKnownFileType = sourcecode.c.objc; path = EmptyUITests.m; sourceTree = "<group>"; };
		81D31EB91EA74CC900F7C78C /* Info.plist */ = {isa = PBXFileReference; lastKnownFileType = text.plist.xml; path = Info.plist; sourceTree = "<group>"; };
/* End PBXFileReference section */

/* Begin PBXFrameworksBuildPhase section */
		81D31E8C1EA74CC900F7C78C /* Frameworks */ = {
			isa = PBXFrameworksBuildPhase;
			buildActionMask = 2147483647;
			files = (
			);
			runOnlyForDeploymentPostprocessing = 0;
		};
		81D31EA51EA74CC900F7C78C /* Frameworks */ = {
			isa = PBXFrameworksBuildPhase;
			buildActionMask = 2147483647;
			files = (
			);
			runOnlyForDeploymentPostprocessing = 0;
		};
		81D31EB01EA74CC900F7C78C /* Frameworks */ = {
			isa = PBXFrameworksBuildPhase;
			buildActionMask = 2147483647;
			files = (
			);
			runOnlyForDeploymentPostprocessing = 0;
		};
/* End PBXFrameworksBuildPhase section */

/* Begin PBXGroup section */
		810AC2951EA77DFB002B090E /* View */ = {
			isa = PBXGroup;
			children = (
				810AC2961EA77DFB002B090E /* CYEmptyPageView.h */,
				810AC2971EA77DFB002B090E /* CYEmptyPageView.m */,
				810AC2981EA77DFB002B090E /* CYEmptyPageView.xib */,
			);
			path = View;
			sourceTree = "<group>";
		};
		818DBEED1EAF27030049391B /* CYEmptySet */ = {
			isa = PBXGroup;
			children = (
				818DBEEE1EAF27030049391B /* UIScrollView+CYEmptySet.h */,
				818DBEEF1EAF27030049391B /* UIScrollView+CYEmptySet.m */,
			);
			path = CYEmptySet;
			sourceTree = "<group>";
		};
		81D31E861EA74CC900F7C78C = {
			isa = PBXGroup;
			children = (
				81D31E911EA74CC900F7C78C /* Empty */,
				81D31EAB1EA74CC900F7C78C /* EmptyTests */,
				81D31EB61EA74CC900F7C78C /* EmptyUITests */,
				81D31E901EA74CC900F7C78C /* Products */,
			);
			sourceTree = "<group>";
		};
		81D31E901EA74CC900F7C78C /* Products */ = {
			isa = PBXGroup;
			children = (
				81D31E8F1EA74CC900F7C78C /* Empty.app */,
				81D31EA81EA74CC900F7C78C /* EmptyTests.xctest */,
				81D31EB31EA74CC900F7C78C /* EmptyUITests.xctest */,
			);
			name = Products;
			sourceTree = "<group>";
		};
		81D31E911EA74CC900F7C78C /* Empty */ = {
			isa = PBXGroup;
			children = (
				818DBEED1EAF27030049391B /* CYEmptySet */,
				810AC2951EA77DFB002B090E /* View */,
				81D31E951EA74CC900F7C78C /* AppDelegate.h */,
				81D31E961EA74CC900F7C78C /* AppDelegate.m */,
				81D31E981EA74CC900F7C78C /* ViewController.h */,
				81D31E991EA74CC900F7C78C /* ViewController.m */,
				81D31E9B1EA74CC900F7C78C /* Main.storyboard */,
				81D31E9E1EA74CC900F7C78C /* Assets.xcassets */,
				81D31EA01EA74CC900F7C78C /* LaunchScreen.storyboard */,
				81D31EA31EA74CC900F7C78C /* Info.plist */,
				81D31E921EA74CC900F7C78C /* Supporting Files */,
			);
			path = Empty;
			sourceTree = "<group>";
		};
		81D31E921EA74CC900F7C78C /* Supporting Files */ = {
			isa = PBXGroup;
			children = (
				81D31E931EA74CC900F7C78C /* main.m */,
			);
			name = "Supporting Files";
			sourceTree = "<group>";
		};
		81D31EAB1EA74CC900F7C78C /* EmptyTests */ = {
			isa = PBXGroup;
			children = (
				81D31EAC1EA74CC900F7C78C /* EmptyTests.m */,
				81D31EAE1EA74CC900F7C78C /* Info.plist */,
			);
			path = EmptyTests;
			sourceTree = "<group>";
		};
		81D31EB61EA74CC900F7C78C /* EmptyUITests */ = {
			isa = PBXGroup;
			children = (
				81D31EB71EA74CC900F7C78C /* EmptyUITests.m */,
				81D31EB91EA74CC900F7C78C /* Info.plist */,
			);
			path = EmptyUITests;
			sourceTree = "<group>";
		};
/* End PBXGroup section */

/* Begin PBXNativeTarget section */
		81D31E8E1EA74CC900F7C78C /* Empty */ = {
			isa = PBXNativeTarget;
			buildConfigurationList = 81D31EBC1EA74CC900F7C78C /* Build configuration list for PBXNativeTarget "Empty" */;
			buildPhases = (
				81D31E8B1EA74CC900F7C78C /* Sources */,
				81D31E8C1EA74CC900F7C78C /* Frameworks */,
				81D31E8D1EA74CC900F7C78C /* Resources */,
			);
			buildRules = (
			);
			dependencies = (
			);
			name = Empty;
			productName = Empty;
			productReference = 81D31E8F1EA74CC900F7C78C /* Empty.app */;
			productType = "com.apple.product-type.application";
		};
		81D31EA71EA74CC900F7C78C /* EmptyTests */ = {
			isa = PBXNativeTarget;
			buildConfigurationList = 81D31EBF1EA74CC900F7C78C /* Build configuration list for PBXNativeTarget "EmptyTests" */;
			buildPhases = (
				81D31EA41EA74CC900F7C78C /* Sources */,
				81D31EA51EA74CC900F7C78C /* Frameworks */,
				81D31EA61EA74CC900F7C78C /* Resources */,
			);
			buildRules = (
			);
			dependencies = (
				81D31EAA1EA74CC900F7C78C /* PBXTargetDependency */,
			);
			name = EmptyTests;
			productName = EmptyTests;
			productReference = 81D31EA81EA74CC900F7C78C /* EmptyTests.xctest */;
			productType = "com.apple.product-type.bundle.unit-test";
		};
		81D31EB21EA74CC900F7C78C /* EmptyUITests */ = {
			isa = PBXNativeTarget;
			buildConfigurationList = 81D31EC21EA74CC900F7C78C /* Build configuration list for PBXNativeTarget "EmptyUITests" */;
			buildPhases = (
				81D31EAF1EA74CC900F7C78C /* Sources */,
				81D31EB01EA74CC900F7C78C /* Frameworks */,
				81D31EB11EA74CC900F7C78C /* Resources */,
			);
			buildRules = (
			);
			dependencies = (
				81D31EB51EA74CC900F7C78C /* PBXTargetDependency */,
			);
			name = EmptyUITests;
			productName = EmptyUITests;
			productReference = 81D31EB31EA74CC900F7C78C /* EmptyUITests.xctest */;
			productType = "com.apple.product-type.bundle.ui-testing";
		};
/* End PBXNativeTarget section */

/* Begin PBXProject section */
		81D31E871EA74CC900F7C78C /* Project object */ = {
			isa = PBXProject;
			attributes = {
				LastUpgradeCheck = 0830;
				ORGANIZATIONNAME = cy;
				TargetAttributes = {
					81D31E8E1EA74CC900F7C78C = {
						CreatedOnToolsVersion = 8.3;
						ProvisioningStyle = Manual;
					};
					81D31EA71EA74CC900F7C78C = {
						CreatedOnToolsVersion = 8.3;
						ProvisioningStyle = Automatic;
						TestTargetID = 81D31E8E1EA74CC900F7C78C;
					};
					81D31EB21EA74CC900F7C78C = {
						CreatedOnToolsVersion = 8.3;
						ProvisioningStyle = Automatic;
						TestTargetID = 81D31E8E1EA74CC900F7C78C;
					};
				};
			};
			buildConfigurationList = 81D31E8A1EA74CC900F7C78C /* Build configuration list for PBXProject "Empty" */;
			compatibilityVersion = "Xcode 3.2";
			developmentRegion = English;
			hasScannedForEncodings = 0;
			knownRegions = (
				en,
				Base,
			);
			mainGroup = 81D31E861EA74CC900F7C78C;
			productRefGroup = 81D31E901EA74CC900F7C78C /* Products */;
			projectDirPath = "";
			projectRoot = "";
			targets = (
				81D31E8E1EA74CC900F7C78C /* Empty */,
				81D31EA71EA74CC900F7C78C /* EmptyTests */,
				81D31EB21EA74CC900F7C78C /* EmptyUITests */,
			);
		};
/* End PBXProject section */

/* Begin PBXResourcesBuildPhase section */
		81D31E8D1EA74CC900F7C78C /* Resources */ = {
			isa = PBXResourcesBuildPhase;
			buildActionMask = 2147483647;
			files = (
				810AC29A1EA77DFB002B090E /* CYEmptyPageView.xib in Resources */,
				81D31EA21EA74CC900F7C78C /* LaunchScreen.storyboard in Resources */,
				81D31E9F1EA74CC900F7C78C /* Assets.xcassets in Resources */,
				81D31E9D1EA74CC900F7C78C /* Main.storyboard in Resources */,
			);
			runOnlyForDeploymentPostprocessing = 0;
		};
		81D31EA61EA74CC900F7C78C /* Resources */ = {
			isa = PBXResourcesBuildPhase;
			buildActionMask = 2147483647;
			files = (
			);
			runOnlyForDeploymentPostprocessing = 0;
		};
		81D31EB11EA74CC900F7C78C /* Resources */ = {
			isa = PBXResourcesBuildPhase;
			buildActionMask = 2147483647;
			files = (
			);
			runOnlyForDeploymentPostprocessing = 0;
		};
/* End PBXResourcesBuildPhase section */

/* Begin PBXSourcesBuildPhase section */
		81D31E8B1EA74CC900F7C78C /* Sources */ = {
			isa = PBXSourcesBuildPhase;
			buildActionMask = 2147483647;
			files = (
				81D31E9A1EA74CC900F7C78C /* ViewController.m in Sources */,
				818DBEF01EAF27030049391B /* UIScrollView+CYEmptySet.m in Sources */,
				81D31E971EA74CC900F7C78C /* AppDelegate.m in Sources */,
				81D31E941EA74CC900F7C78C /* main.m in Sources */,
				810AC2991EA77DFB002B090E /* CYEmptyPageView.m in Sources */,
			);
			runOnlyForDeploymentPostprocessing = 0;
		};
		81D31EA41EA74CC900F7C78C /* Sources */ = {
			isa = PBXSourcesBuildPhase;
			buildActionMask = 2147483647;
			files = (
				81D31EAD1EA74CC900F7C78C /* EmptyTests.m in Sources */,
			);
			runOnlyForDeploymentPostprocessing = 0;
		};
		81D31EAF1EA74CC900F7C78C /* Sources */ = {
			isa = PBXSourcesBuildPhase;
			buildActionMask = 2147483647;
			files = (
				81D31EB81EA74CC900F7C78C /* EmptyUITests.m in Sources */,
			);
			runOnlyForDeploymentPostprocessing = 0;
		};
/* End PBXSourcesBuildPhase section */

/* Begin PBXTargetDependency section */
		81D31EAA1EA74CC900F7C78C /* PBXTargetDependency */ = {
			isa = PBXTargetDependency;
			target = 81D31E8E1EA74CC900F7C78C /* Empty */;
			targetProxy = 81D31EA91EA74CC900F7C78C /* PBXContainerItemProxy */;
		};
		81D31EB51EA74CC900F7C78C /* PBXTargetDependency */ = {
			isa = PBXTargetDependency;
			target = 81D31E8E1EA74CC900F7C78C /* Empty */;
			targetProxy = 81D31EB41EA74CC900F7C78C /* PBXContainerItemProxy */;
		};
/* End PBXTargetDependency section */

/* Begin PBXVariantGroup section */
		81D31E9B1EA74CC900F7C78C /* Main.storyboard */ = {
			isa = PBXVariantGroup;
			children = (
				81D31E9C1EA74CC900F7C78C /* Base */,
			);
			name = Main.storyboard;
			sourceTree = "<group>";
		};
		81D31EA01EA74CC900F7C78C /* LaunchScreen.storyboard */ = {
			isa = PBXVariantGroup;
			children = (
				81D31EA11EA74CC900F7C78C /* Base */,
			);
			name = LaunchScreen.storyboard;
			sourceTree = "<group>";
		};
/* End PBXVariantGroup section */

/* Begin XCBuildConfiguration section */
		81D31EBA1EA74CC900F7C78C /* Debug */ = {
			isa = XCBuildConfiguration;
			buildSettings = {
				ALWAYS_SEARCH_USER_PATHS = NO;
				CLANG_ANALYZER_NONNULL = YES;
				CLANG_ANALYZER_NUMBER_OBJECT_CONVERSION = YES_AGGRESSIVE;
				CLANG_CXX_LANGUAGE_STANDARD = "gnu++0x";
				CLANG_CXX_LIBRARY = "libc++";
				CLANG_ENABLE_MODULES = YES;
				CLANG_ENABLE_OBJC_ARC = YES;
				CLANG_WARN_BOOL_CONVERSION = YES;
				CLANG_WARN_CONSTANT_CONVERSION = YES;
				CLANG_WARN_DIRECT_OBJC_ISA_USAGE = YES_ERROR;
				CLANG_WARN_DOCUMENTATION_COMMENTS = YES;
				CLANG_WARN_EMPTY_BODY = YES;
				CLANG_WARN_ENUM_CONVERSION = YES;
				CLANG_WARN_INFINITE_RECURSION = YES;
				CLANG_WARN_INT_CONVERSION = YES;
				CLANG_WARN_OBJC_ROOT_CLASS = YES_ERROR;
				CLANG_WARN_SUSPICIOUS_MOVE = YES;
				CLANG_WARN_UNREACHABLE_CODE = YES;
				CLANG_WARN__DUPLICATE_METHOD_MATCH = YES;
				"CODE_SIGN_IDENTITY[sdk=iphoneos*]" = "iPhone Developer";
				COPY_PHASE_STRIP = NO;
				DEBUG_INFORMATION_FORMAT = dwarf;
				ENABLE_STRICT_OBJC_MSGSEND = YES;
				ENABLE_TESTABILITY = YES;
				GCC_C_LANGUAGE_STANDARD = gnu99;
				GCC_DYNAMIC_NO_PIC = NO;
				GCC_NO_COMMON_BLOCKS = YES;
				GCC_OPTIMIZATION_LEVEL = 0;
				GCC_PREPROCESSOR_DEFINITIONS = (
					"DEBUG=1",
					"$(inherited)",
				);
				GCC_WARN_64_TO_32_BIT_CONVERSION = YES;
				GCC_WARN_ABOUT_RETURN_TYPE = YES_ERROR;
				GCC_WARN_UNDECLARED_SELECTOR = YES;
				GCC_WARN_UNINITIALIZED_AUTOS = YES_AGGRESSIVE;
				GCC_WARN_UNUSED_FUNCTION = YES;
				GCC_WARN_UNUSED_VARIABLE = YES;
				IPHONEOS_DEPLOYMENT_TARGET = 10.3;
				MTL_ENABLE_DEBUG_INFO = YES;
				ONLY_ACTIVE_ARCH = YES;
				SDKROOT = iphoneos;
				TARGETED_DEVICE_FAMILY = "1,2";
			};
			name = Debug;
		};
		81D31EBB1EA74CC900F7C78C /* Release */ = {
			isa = XCBuildConfiguration;
			buildSettings = {
				ALWAYS_SEARCH_USER_PATHS = NO;
				CLANG_ANALYZER_NONNULL = YES;
				CLANG_ANALYZER_NUMBER_OBJECT_CONVERSION = YES_AGGRESSIVE;
				CLANG_CXX_LANGUAGE_STANDARD = "gnu++0x";
				CLANG_CXX_LIBRARY = "libc++";
				CLANG_ENABLE_MODULES = YES;
				CLANG_ENABLE_OBJC_ARC = YES;
				CLANG_WARN_BOOL_CONVERSION = YES;
				CLANG_WARN_CONSTANT_CONVERSION = YES;
				CLANG_WARN_DIRECT_OBJC_ISA_USAGE = YES_ERROR;
				CLANG_WARN_DOCUMENTATION_COMMENTS = YES;
				CLANG_WARN_EMPTY_BODY = YES;
				CLANG_WARN_ENUM_CONVERSION = YES;
				CLANG_WARN_INFINITE_RECURSION = YES;
				CLANG_WARN_INT_CONVERSION = YES;
				CLANG_WARN_OBJC_ROOT_CLASS = YES_ERROR;
				CLANG_WARN_SUSPICIOUS_MOVE = YES;
				CLANG_WARN_UNREACHABLE_CODE = YES;
				CLANG_WARN__DUPLICATE_METHOD_MATCH = YES;
				"CODE_SIGN_IDENTITY[sdk=iphoneos*]" = "iPhone Developer";
				COPY_PHASE_STRIP = NO;
				DEBUG_INFORMATION_FORMAT = "dwarf-with-dsym";
				ENABLE_NS_ASSERTIONS = NO;
				ENABLE_STRICT_OBJC_MSGSEND = YES;
				GCC_C_LANGUAGE_STANDARD = gnu99;
				GCC_NO_COMMON_BLOCKS = YES;
				GCC_WARN_64_TO_32_BIT_CONVERSION = YES;
				GCC_WARN_ABOUT_RETURN_TYPE = YES_ERROR;
				GCC_WARN_UNDECLARED_SELECTOR = YES;
				GCC_WARN_UNINITIALIZED_AUTOS = YES_AGGRESSIVE;
				GCC_WARN_UNUSED_FUNCTION = YES;
				GCC_WARN_UNUSED_VARIABLE = YES;
				IPHONEOS_DEPLOYMENT_TARGET = 10.3;
				MTL_ENABLE_DEBUG_INFO = NO;
				SDKROOT = iphoneos;
				TARGETED_DEVICE_FAMILY = "1,2";
				VALIDATE_PRODUCT = YES;
			};
			name = Release;
		};
		81D31EBD1EA74CC900F7C78C /* Debug */ = {
			isa = XCBuildConfiguration;
			buildSettings = {
				ASSETCATALOG_COMPILER_APPICON_NAME = AppIcon;
				DEVELOPMENT_TEAM = "";
				INFOPLIST_FILE = Empty/Info.plist;
				IPHONEOS_DEPLOYMENT_TARGET = 8.0;
				LD_RUNPATH_SEARCH_PATHS = "$(inherited) @executable_path/Frameworks";
				PRODUCT_BUNDLE_IDENTIFIER = c.Empty;
				PRODUCT_NAME = "$(TARGET_NAME)";
				PROVISIONING_PROFILE_SPECIFIER = "";
			};
			name = Debug;
		};
		81D31EBE1EA74CC900F7C78C /* Release */ = {
			isa = XCBuildConfiguration;
			buildSettings = {
				ASSETCATALOG_COMPILER_APPICON_NAME = AppIcon;
				DEVELOPMENT_TEAM = "";
				INFOPLIST_FILE = Empty/Info.plist;
				IPHONEOS_DEPLOYMENT_TARGET = 8.0;
				LD_RUNPATH_SEARCH_PATHS = "$(inherited) @executable_path/Frameworks";
				PRODUCT_BUNDLE_IDENTIFIER = c.Empty;
				PRODUCT_NAME = "$(TARGET_NAME)";
				PROVISIONING_PROFILE_SPECIFIER = "";
			};
			name = Release;
		};
		81D31EC01EA74CC900F7C78C /* Debug */ = {
			isa = XCBuildConfiguration;
			buildSettings = {
				BUNDLE_LOADER = "$(TEST_HOST)";
				INFOPLIST_FILE = EmptyTests/Info.plist;
				LD_RUNPATH_SEARCH_PATHS = "$(inherited) @executable_path/Frameworks @loader_path/Frameworks";
				PRODUCT_BUNDLE_IDENTIFIER = c.EmptyTests;
				PRODUCT_NAME = "$(TARGET_NAME)";
				TEST_HOST = "$(BUILT_PRODUCTS_DIR)/Empty.app/Empty";
			};
			name = Debug;
		};
		81D31EC11EA74CC900F7C78C /* Release */ = {
			isa = XCBuildConfiguration;
			buildSettings = {
				BUNDLE_LOADER = "$(TEST_HOST)";
				INFOPLIST_FILE = EmptyTests/Info.plist;
				LD_RUNPATH_SEARCH_PATHS = "$(inherited) @executable_path/Frameworks @loader_path/Frameworks";
				PRODUCT_BUNDLE_IDENTIFIER = c.EmptyTests;
				PRODUCT_NAME = "$(TARGET_NAME)";
				TEST_HOST = "$(BUILT_PRODUCTS_DIR)/Empty.app/Empty";
			};
			name = Release;
		};
		81D31EC31EA74CC900F7C78C /* Debug */ = {
			isa = XCBuildConfiguration;
			buildSettings = {
				INFOPLIST_FILE = EmptyUITests/Info.plist;
				LD_RUNPATH_SEARCH_PATHS = "$(inherited) @executable_path/Frameworks @loader_path/Frameworks";
				PRODUCT_BUNDLE_IDENTIFIER = c.EmptyUITests;
				PRODUCT_NAME = "$(TARGET_NAME)";
				TEST_TARGET_NAME = Empty;
			};
			name = Debug;
		};
		81D31EC41EA74CC900F7C78C /* Release */ = {
			isa = XCBuildConfiguration;
			buildSettings = {
				INFOPLIST_FILE = EmptyUITests/Info.plist;
				LD_RUNPATH_SEARCH_PATHS = "$(inherited) @executable_path/Frameworks @loader_path/Frameworks";
				PRODUCT_BUNDLE_IDENTIFIER = c.EmptyUITests;
				PRODUCT_NAME = "$(TARGET_NAME)";
				TEST_TARGET_NAME = Empty;
			};
			name = Release;
		};
/* End XCBuildConfiguration section */

/* Begin XCConfigurationList section */
		81D31E8A1EA74CC900F7C78C /* Build configuration list for PBXProject "Empty" */ = {
			isa = XCConfigurationList;
			buildConfigurations = (
				81D31EBA1EA74CC900F7C78C /* Debug */,
				81D31EBB1EA74CC900F7C78C /* Release */,
			);
			defaultConfigurationIsVisible = 0;
			defaultConfigurationName = Release;
		};
		81D31EBC1EA74CC900F7C78C /* Build configuration list for PBXNativeTarget "Empty" */ = {
			isa = XCConfigurationList;
			buildConfigurations = (
				81D31EBD1EA74CC900F7C78C /* Debug */,
				81D31EBE1EA74CC900F7C78C /* Release */,
			);
			defaultConfigurationIsVisible = 0;
			defaultConfigurationName = Release;
		};
		81D31EBF1EA74CC900F7C78C /* Build configuration list for PBXNativeTarget "EmptyTests" */ = {
			isa = XCConfigurationList;
			buildConfigurations = (
				81D31EC01EA74CC900F7C78C /* Debug */,
				81D31EC11EA74CC900F7C78C /* Release */,
			);
			defaultConfigurationIsVisible = 0;
			defaultConfigurationName = Release;
		};
		81D31EC21EA74CC900F7C78C /* Build configuration list for PBXNativeTarget "EmptyUITests" */ = {
			isa = XCConfigurationList;
			buildConfigurations = (
				81D31EC31EA74CC900F7C78C /* Debug */,
				81D31EC41EA74CC900F7C78C /* Release */,
			);
			defaultConfigurationIsVisible = 0;
			defaultConfigurationName = Release;
		};
/* End XCConfigurationList section */
	};
	rootObject = 81D31E871EA74CC900F7C78C /* Project object */;
}
